{
  "lockfile-version": 1,
  "manifest": {
    "schema-version": "1.10.0",
    "install": {
      "cacert": {
        "pkg-path": "cacert",
        "outputs": "all"
      },
      "coreutils": {
        "pkg-path": "coreutils",
        "outputs": "all"
      },
      "git": {
        "pkg-path": "git",
        "outputs": "all"
      },
      "nodejs": {
        "pkg-path": "nodejs_22"
      },
      "openssl": {
        "pkg-path": "openssl",
        "outputs": "all"
      },
      "pnpm": {
        "pkg-path": "pnpm"
      },
      "postgresql": {
        "pkg-path": "postgresql"
      }
    },
    "vars": {
      "NEXT_TELEMETRY_DISABLED": "1"
    },
    "hook": {
      "on-activate": "  set -euo pipefail\n\n  cd \"$FLOX_ENV_PROJECT\"\n\n  export FRAMEOS_CLOUD_FLOX_CACHE_DIR=\"$FLOX_ENV_PROJECT/.flox/cache\"\n  mkdir -p \"$FRAMEOS_CLOUD_FLOX_CACHE_DIR\"\n\n  nvm_dir=\"${NVM_DIR:-$HOME/.nvm}\"\n  cleaned_path=\"\"\n  old_ifs=$IFS\n  IFS=:\n  for path_entry in $PATH; do\n    case \"$path_entry\" in\n      \"$FLOX_ENV/bin\"|\"$FLOX_ENV/sbin\"|\"$nvm_dir\"/*/bin|\"${NVM_BIN:-__frameos_cloud_no_nvm_bin__}\")\n        continue\n        ;;\n      *)\n        cleaned_path=\"${cleaned_path:+$cleaned_path:}$path_entry\"\n        ;;\n    esac\n  done\n  IFS=\"$old_ifs\"\n\n  unset NVM_BIN NVM_INC\n  export PATH=\"$FLOX_ENV/bin:$FLOX_ENV/sbin${cleaned_path:+:$cleaned_path}\"\n\n  # The pnpm workspace root (lockfile, workspace config) is the monorepo\n  # root one level up; pnpm install from here operates on that workspace.\n  workspace_files=\"package.json ../package.json ../pnpm-workspace.yaml\"\n  for manifest in apps/*/package.json packages/*/package.json; do\n    if [ -f \"$manifest\" ]; then\n      workspace_files=\"$workspace_files $manifest\"\n    fi\n  done\n\n  if [ -f ../pnpm-lock.yaml ]; then\n    workspace_files=\"$workspace_files ../pnpm-lock.yaml\"\n  fi\n\n  js_workspace_hash=\"$(sha256sum $workspace_files | sha256sum | awk '{print $1}')\"\n  js_stamp=\"$FRAMEOS_CLOUD_FLOX_CACHE_DIR/pnpm-workspace.sha256\"\n  if [ ! -f ../node_modules/.modules.yaml ] || [ ! -f \"$js_stamp\" ] || [ \"$(cat \"$js_stamp\")\" != \"$js_workspace_hash\" ]; then\n    echo \"Syncing pnpm workspace dependencies...\"\n    if [ -f ../pnpm-lock.yaml ] && [ \"${CI:-}\" = \"1\" ]; then\n      pnpm install --frozen-lockfile\n    else\n      pnpm install\n    fi\n    printf '%s' \"$js_workspace_hash\" > \"$js_stamp\"\n  fi\n"
    },
    "profile": {
      "bash": "  nvm_dir=\"${NVM_DIR:-$HOME/.nvm}\"\n  cleaned_path=\"\"\n  old_ifs=$IFS\n  IFS=:\n  for path_entry in $PATH; do\n    case \"$path_entry\" in\n      \"$FLOX_ENV/bin\"|\"$FLOX_ENV/sbin\"|\"$nvm_dir\"/*/bin|\"${NVM_BIN:-__frameos_cloud_no_nvm_bin__}\")\n        continue\n        ;;\n      *)\n        cleaned_path=\"${cleaned_path:+$cleaned_path:}$path_entry\"\n        ;;\n    esac\n  done\n  IFS=\"$old_ifs\"\n\n  unset NVM_BIN NVM_INC\n  export PATH=\"$FLOX_ENV/bin:$FLOX_ENV/sbin${cleaned_path:+:$cleaned_path}\"\n  hash -r 2>/dev/null || true\n",
      "zsh": "  nvm_dir=\"${NVM_DIR:-$HOME/.nvm}\"\n  cleaned_path=\"\"\n  old_ifs=$IFS\n  IFS=:\n  for path_entry in $PATH; do\n    case \"$path_entry\" in\n      \"$FLOX_ENV/bin\"|\"$FLOX_ENV/sbin\"|\"$nvm_dir\"/*/bin|\"${NVM_BIN:-__frameos_cloud_no_nvm_bin__}\")\n        continue\n        ;;\n      *)\n        cleaned_path=\"${cleaned_path:+$cleaned_path:}$path_entry\"\n        ;;\n    esac\n  done\n  IFS=\"$old_ifs\"\n\n  unset NVM_BIN NVM_INC\n  export PATH=\"$FLOX_ENV/bin:$FLOX_ENV/sbin${cleaned_path:+:$cleaned_path}\"\n  hash -r 2>/dev/null || true\n",
      "fish": "  set -e NVM_BIN NVM_INC NVM_HAS_RUN\n\n  for fn in node npm npx yarn\n    if functions -q $fn\n      functions -e $fn\n    end\n  end\n\n  set -l cleaned_path\n  for path_entry in $PATH\n    if test \"$path_entry\" = \"$FLOX_ENV/bin\"\n      continue\n    end\n\n    if test \"$path_entry\" = \"$FLOX_ENV/sbin\"\n      continue\n    end\n\n    if string match -q \"$HOME/.nvm/*/bin\" -- $path_entry\n      continue\n    end\n\n    set cleaned_path $cleaned_path $path_entry\n  end\n\n  set -gx PATH \"$FLOX_ENV/bin\" \"$FLOX_ENV/sbin\" $cleaned_path\n"
    },
    "options": {}
  },
  "packages": [
    {
      "attr_path": "cacert",
      "broken": false,
      "derivation": "/nix/store/vw1xazsfgi72gbazi0xwvsnd5bwpy015-nss-cacert-3.123.drv",
      "description": "Bundle of X.509 certificates of public Certificate Authorities (CA)",
      "install_id": "cacert",
      "license": "MPL-2.0",
      "locked_url": "https://github.com/flox/nixpkgs?rev=331800de5053fcebacf6813adb5db9c9dca22a0c",
      "name": "nss-cacert-3.123",
      "pname": "cacert",
      "rev": "331800de5053fcebacf6813adb5db9c9dca22a0c",
      "rev_count": 1008282,
      "rev_date": "2026-05-31T16:09:29Z",
      "scrape_date": "2026-06-02T08:55:40.002291Z",
      "stabilities": [
        "staging",
        "unstable"
      ],
      "unfree": false,
      "version": "3.123",
      "outputs_to_install": [
        "out"
      ],
      "outputs": {
        "hashed": "/nix/store/05d9ffv74pixff6bbz1i9jqr3110kqbz-nss-cacert-3.123-hashed",
        "out": "/nix/store/jkhhr4fpw5sfcav2p9zj1gjq041sjp3n-nss-cacert-3.123",
        "p11kit": "/nix/store/7q0pisc38xlsz8bzddyknslwyrw2jq69-nss-cacert-3.123-p11kit",
        "unbundled": "/nix/store/3j2bwh2bxmz3w87y8m3l8shwbmmn17y0-nss-cacert-3.123-unbundled"
      },
      "system": "aarch64-darwin",
      "group": "toplevel",
      "priority": 5
    },
    {
      "attr_path": "cacert",
      "broken": false,
      "derivation": "/nix/store/j5lg95cm6lrfi3szzd66py0cwwl70rnd-nss-cacert-3.123.drv",
      "description": "Bundle of X.509 certificates of public Certificate Authorities (CA)",
      "install_id": "cacert",
      "license": "MPL-2.0",
      "locked_url": "https://github.com/flox/nixpkgs?rev=331800de5053fcebacf6813adb5db9c9dca22a0c",
      "name": "nss-cacert-3.123",
      "pname": "cacert",
      "rev": "331800de5053fcebacf6813adb5db9c9dca22a0c",
      "rev_count": 1008282,
      "rev_date": "2026-05-31T16:09:29Z",
      "scrape_date": "2026-06-02T09:40:18.707722Z",
      "stabilities": [
        "staging",
        "unstable"
      ],
      "unfree": false,
      "version": "3.123",
      "outputs_to_install": [
        "out",
        "out"
      ],
      "outputs": {
        "hashed": "/nix/store/3m38j1iz2dsrsc3l5q30y3br8q1lmz3b-nss-cacert-3.123-hashed",
        "out": "/nix/store/pd7bb73la01b07d6391mk2a43mhmjghd-nss-cacert-3.123",
        "p11kit": "/nix/store/rm663w0vs9asfcl6a7v82pdl2qqhd6g9-nss-cacert-3.123-p11kit",
        "unbundled": "/nix/store/6yd6rj0dvglhwk7qfya9a6ny05yksbl0-nss-cacert-3.123-unbundled"
      },
      "system": "aarch64-linux",
      "group": "toplevel",
      "priority": 5
    },
    {
      "attr_path": "cacert",
      "broken": false,
      "derivation": "/nix/store/zz0riq7jw0cilgdvpqcpaq0igkh9iicq-nss-cacert-3.123.drv",
      "description": "Bundle of X.509 certificates of public Certificate Authorities (CA)",
      "install_id": "cacert",
      "license": "MPL-2.0",
      "locked_url": "https://github.com/flox/nixpkgs?rev=331800de5053fcebacf6813adb5db9c9dca22a0c",
      "name": "nss-cacert-3.123",
      "pname": "cacert",
      "rev": "331800de5053fcebacf6813adb5db9c9dca22a0c",
      "rev_count": 1008282,
      "rev_date": "2026-05-31T16:09:29Z",
      "scrape_date": "2026-06-02T10:24:47.212089Z",
      "stabilities": [
        "staging",
        "unstable"
      ],
      "unfree": false,
      "version": "3.123",
      "outputs_to_install": [
        "out"
      ],
      "outputs": {
        "hashed": "/nix/store/hmhy3phn5016krm2d9wrj8g7xhawx45j-nss-cacert-3.123-hashed",
        "out": "/nix/store/fql29ma40z7kfmlwsdx4rz92s8pc9lvm-nss-cacert-3.123",
        "p11kit": "/nix/store/n58gqa4ccf7w9hplyd95vy4xncqvwnr5-nss-cacert-3.123-p11kit",
        "unbundled": "/nix/store/0lfr0w1cbxzdk7ai5dc6qhqpmrw9p3a3-nss-cacert-3.123-unbundled"
      },
      "system": "x86_64-darwin",
      "group": "toplevel",
      "priority": 5
    },
    {
      "attr_path": "cacert",
      "broken": false,
      "derivation": "/nix/store/303zvxqv6azsb8iiblqm4ligbiwiin2i-nss-cacert-3.123.drv",
      "description": "Bundle of X.509 certificates of public Certificate Authorities (CA)",
      "install_id": "cacert",
      "license": "MPL-2.0",
      "locked_url": "https://github.com/flox/nixpkgs?rev=331800de5053fcebacf6813adb5db9c9dca22a0c",
      "name": "nss-cacert-3.123",
      "pname": "cacert",
      "rev": "331800de5053fcebacf6813adb5db9c9dca22a0c",
      "rev_count": 1008282,
      "rev_date": "2026-05-31T16:09:29Z",
      "scrape_date": "2026-06-02T11:06:42.696930Z",
      "stabilities": [
        "staging",
        "unstable"
      ],
      "unfree": false,
      "version": "3.123",
      "outputs_to_install": [
        "out",
        "out",
        "out",
        "out"
      ],
      "outputs": {
        "hashed": "/nix/store/xdh7nr550vh5q5rqjas1d5y5fhcp4v5a-nss-cacert-3.123-hashed",
        "out": "/nix/store/6snfrwakqanqp7c21nnzmz183fkhnzv1-nss-cacert-3.123",
        "p11kit": "/nix/store/g64cqi02bajwcp8qbw3d6nhz4kdcjg71-nss-cacert-3.123-p11kit",
        "unbundled": "/nix/store/8ylfzdcp1l289jl1fv4hds1j35jla7cd-nss-cacert-3.123-unbundled"
      },
      "system": "x86_64-linux",
      "group": "toplevel",
      "priority": 5
    },
    {
      "attr_path": "coreutils",
      "broken": false,
      "derivation": "/nix/store/xhh9r2djb00zz515x68m359kv3z35lp6-coreutils-9.11.drv",
      "description": "GNU Core Utilities",
      "install_id": "coreutils",
      "license": "GPL-3.0-or-later",
      "locked_url": "https://github.com/flox/nixpkgs?rev=331800de5053fcebacf6813adb5db9c9dca22a0c",
      "name": "coreutils-9.11",
      "pname": "coreutils",
      "rev": "331800de5053fcebacf6813adb5db9c9dca22a0c",
      "rev_count": 1008282,
      "rev_date": "2026-05-31T16:09:29Z",
      "scrape_date": "2026-06-02T08:55:40.354530Z",
      "stabilities": [
        "staging",
        "unstable"
      ],
      "unfree": false,
      "version": "9.11",
      "outputs_to_install": [
        "out",
        "out",
        "out"
      ],
      "outputs": {
        "info": "/nix/store/83kk1z6r4n7il426hl9qhgvjn3gw3i3k-coreutils-9.11-info",
        "out": "/nix/store/y0ha8v4gh5vnwwmp2r0msfbdlvgwv2np-coreutils-9.11"
      },
      "system": "aarch64-darwin",
      "group": "toplevel",
      "priority": 5
    },
    {
      "attr_path": "coreutils",
      "broken": false,
      "derivation": "/nix/store/hcyz1x1w9dxfsmq5kv2abdw2qvnv766h-coreutils-9.11.drv",
      "description": "GNU Core Utilities",
      "install_id": "coreutils",
      "license": "GPL-3.0-or-later",
      "locked_url": "https://github.com/flox/nixpkgs?rev=331800de5053fcebacf6813adb5db9c9dca22a0c",
      "name": "coreutils-9.11",
      "pname": "coreutils",
      "rev": "331800de5053fcebacf6813adb5db9c9dca22a0c",
      "rev_count": 1008282,
      "rev_date": "2026-05-31T16:09:29Z",
      "scrape_date": "2026-06-02T09:40:19.535592Z",
      "stabilities": [
        "staging",
        "unstable"
      ],
      "unfree": false,
      "version": "9.11",
      "outputs_to_install": [
        "out",
        "out",
        "out",
        "out"
      ],
      "outputs": {
        "debug": "/nix/store/p2vk0ll7l8dp5n203ffrvjpj491h6x90-coreutils-9.11-debug",
        "info": "/nix/store/c96my4whwlw38gqj39370k93bbbrwn3h-coreutils-9.11-info",
        "out": "/nix/store/9bhf1ff1kwhmyynws5jkjp8k7pkh6kix-coreutils-9.11"
      },
      "system": "aarch64-linux",
      "group": "toplevel",
      "priority": 5
    },
    {
      "attr_path": "coreutils",
      "broken": false,
      "derivation": "/nix/store/9hnqb5qhawavdjqys5bvfy84wyw3n8hd-coreutils-9.11.drv",
      "description": "GNU Core Utilities",
      "install_id": "coreutils",
      "license": "GPL-3.0-or-later",
      "locked_url": "https://github.com/flox/nixpkgs?rev=331800de5053fcebacf6813adb5db9c9dca22a0c",
      "name": "coreutils-9.11",
      "pname": "coreutils",
      "rev": "331800de5053fcebacf6813adb5db9c9dca22a0c",
      "rev_count": 1008282,
      "rev_date": "2026-05-31T16:09:29Z",
      "scrape_date": "2026-06-02T10:24:47.509412Z",
      "stabilities": [
        "staging",
        "unstable"
      ],
      "unfree": false,
      "version": "9.11",
      "outputs_to_install": [
        "out",
        "out"
      ],
      "outputs": {
        "info": "/nix/store/6dkbcg1yv4z4h2md9yi5cgr8f6scsgsb-coreutils-9.11-info",
        "out": "/nix/store/5m3k4f22kg542p2lr4ikk2xj6grlmvrg-coreutils-9.11"
      },
      "system": "x86_64-darwin",
      "group": "toplevel",
      "priority": 5
    },
    {
      "attr_path": "coreutils",
      "broken": false,
      "derivation": "/nix/store/08fg4a5d85pnlagm8qrk1pga0zkyjsxm-coreutils-9.11.drv",
      "description": "GNU Core Utilities",
      "install_id": "coreutils",
      "license": "GPL-3.0-or-later",
      "locked_url": "https://github.com/flox/nixpkgs?rev=331800de5053fcebacf6813adb5db9c9dca22a0c",
      "name": "coreutils-9.11",
      "pname": "coreutils",
      "rev": "331800de5053fcebacf6813adb5db9c9dca22a0c",
      "rev_count": 1008282,
      "rev_date": "2026-05-31T16:09:29Z",
      "scrape_date": "2026-06-02T11:06:43.120228Z",
      "stabilities": [
        "staging",
        "unstable"
      ],
      "unfree": false,
      "version": "9.11",
      "outputs_to_install": [
        "out",
        "out",
        "out",
        "out",
        "out",
        "out"
      ],
      "outputs": {
        "debug": "/nix/store/gfcdh00xkdhrd6qqz1gxdlq7ba5xkyaq-coreutils-9.11-debug",
        "info": "/nix/store/77sgl4gzlhg90154z7qk1fqs2qpvsqs8-coreutils-9.11-info",
        "out": "/nix/store/9ypz3flqsrl5xl495mm8h645gadjsxi1-coreutils-9.11"
      },
      "system": "x86_64-linux",
      "group": "toplevel",
      "priority": 5
    },
    {
      "attr_path": "git",
      "broken": false,
      "derivation": "/nix/store/cb1l04jhs3ykmidc54crdpy4x59p38c0-git-2.54.0.drv",
      "description": "Distributed version control system",
      "install_id": "git",
      "license": "GPL-2.0",
      "locked_url": "https://github.com/flox/nixpkgs?rev=331800de5053fcebacf6813adb5db9c9dca22a0c",
      "name": "git-2.54.0",
      "pname": "git",
      "rev": "331800de5053fcebacf6813adb5db9c9dca22a0c",
      "rev_count": 1008282,
      "rev_date": "2026-05-31T16:09:29Z",
      "scrape_date": "2026-06-02T08:55:41.164896Z",
      "stabilities": [
        "staging",
        "unstable"
      ],
      "unfree": false,
      "version": "2.54.0",
      "outputs_to_install": [
        "out"
      ],
      "outputs": {
        "doc": "/nix/store/zn8gmbxxf5398hxg6y6nk5jimj85qj69-git-2.54.0-doc",
        "out": "/nix/store/a14yxcqvv9x2l9mllgpirzhvz93pgprg-git-2.54.0"
      },
      "system": "aarch64-darwin",
      "group": "toplevel",
      "priority": 5
    },
    {
      "attr_path": "git",
      "broken": false,
      "derivation": "/nix/store/wbhnknkdqvlxbb2vqhnylydagm03da5g-git-2.54.0.drv",
      "description": "Distributed version control system",
      "install_id": "git",
      "license": "GPL-2.0",
      "locked_url": "https://github.com/flox/nixpkgs?rev=331800de5053fcebacf6813adb5db9c9dca22a0c",
      "name": "git-2.54.0",
      "pname": "git",
      "rev": "331800de5053fcebacf6813adb5db9c9dca22a0c",
      "rev_count": 1008282,
      "rev_date": "2026-05-31T16:09:29Z",
      "scrape_date": "2026-06-02T09:40:20.832239Z",
      "stabilities": [
        "staging",
        "unstable"
      ],
      "unfree": false,
      "version": "2.54.0",
      "outputs_to_install": [
        "out"
      ],
      "outputs": {
        "debug": "/nix/store/c7mafmqf28l7898rpbqqkd0p3m42hc03-git-2.54.0-debug",
        "doc": "/nix/store/klwr4n2snj7ldlpkhwarwlif80myx0vj-git-2.54.0-doc",
        "out": "/nix/store/ixp98f9avf8ikpdrmp40cj33g0dazyp9-git-2.54.0"
      },
      "system": "aarch64-linux",
      "group": "toplevel",
      "priority": 5
    },
    {
      "attr_path": "git",
      "broken": false,
      "derivation": "/nix/store/fxy7636kfcbnv94jc7a1mcambx3045h3-git-2.54.0.drv",
      "description": "Distributed version control system",
      "install_id": "git",
      "license": "GPL-2.0",
      "locked_url": "https://github.com/flox/nixpkgs?rev=331800de5053fcebacf6813adb5db9c9dca22a0c",
      "name": "git-2.54.0",
      "pname": "git",
      "rev": "331800de5053fcebacf6813adb5db9c9dca22a0c",
      "rev_count": 1008282,
      "rev_date": "2026-05-31T16:09:29Z",
      "scrape_date": "2026-06-02T10:24:48.307415Z",
      "stabilities": [
        "staging",
        "unstable"
      ],
      "unfree": false,
      "version": "2.54.0",
      "outputs_to_install": [
        "out"
      ],
      "outputs": {
        "doc": "/nix/store/agyxy5ay4x06b52mj24rz44fc82328ha-git-2.54.0-doc",
        "out": "/nix/store/s9lsrlgwr3sabw9a2dl3laykas0ijk85-git-2.54.0"
      },
      "system": "x86_64-darwin",
      "group": "toplevel",
      "priority": 5
    },
    {
      "attr_path": "git",
      "broken": false,
      "derivation": "/nix/store/0yd4pbrk443w8lbvsssipnckxmpaa6j3-git-2.54.0.drv",
      "description": "Distributed version control system",
      "install_id": "git",
      "license": "GPL-2.0",
      "locked_url": "https://github.com/flox/nixpkgs?rev=331800de5053fcebacf6813adb5db9c9dca22a0c",
      "name": "git-2.54.0",
      "pname": "git",
      "rev": "331800de5053fcebacf6813adb5db9c9dca22a0c",
      "rev_count": 1008282,
      "rev_date": "2026-05-31T16:09:29Z",
      "scrape_date": "2026-06-02T11:06:44.582080Z",
      "stabilities": [
        "staging",
        "unstable"
      ],
      "unfree": false,
      "version": "2.54.0",
      "outputs_to_install": [
        "out",
        "out",
        "out"
      ],
      "outputs": {
        "debug": "/nix/store/72fyakk8w8idjbksk0h8jbkq6sgvcm85-git-2.54.0-debug",
        "doc": "/nix/store/l444690y78nfdwyzm6mghagl7xa97myf-git-2.54.0-doc",
        "out": "/nix/store/bcnisk3ydfgv26v2gw3zlky24g00yww2-git-2.54.0"
      },
      "system": "x86_64-linux",
      "group": "toplevel",
      "priority": 5
    },
    {
      "attr_path": "nodejs_22",
      "broken": false,
      "derivation": "/nix/store/mmjs3qrg9kpnfdqgmy25fy8fz913y7yh-nodejs-22.22.3.drv",
      "description": "Event-driven I/O framework for the V8 JavaScript engine",
      "install_id": "nodejs",
      "license": "MIT",
      "locked_url": "https://github.com/flox/nixpkgs?rev=331800de5053fcebacf6813adb5db9c9dca22a0c",
      "name": "nodejs-22.22.3",
      "pname": "nodejs_22",
      "rev": "331800de5053fcebacf6813adb5db9c9dca22a0c",
      "rev_count": 1008282,
      "rev_date": "2026-05-31T16:09:29Z",
      "scrape_date": "2026-06-02T08:56:05.114999Z",
      "stabilities": [
        "staging",
        "unstable"
      ],
      "unfree": false,
      "version": "22.22.3",
      "outputs_to_install": [
        "out"
      ],
      "outputs": {
        "out": "/nix/store/k1yy2d1h7pvpac7m14vmaw23j529fpza-nodejs-22.22.3"
      },
      "system": "aarch64-darwin",
      "group": "toplevel",
      "priority": 5
    },
    {
      "attr_path": "nodejs_22",
      "broken": false,
      "derivation": "/nix/store/aqk3840k5ywzp52xb11yky8pbqha3grj-nodejs-22.22.3.drv",
      "description": "Event-driven I/O framework for the V8 JavaScript engine",
      "install_id": "nodejs",
      "license": "MIT",
      "locked_url": "https://github.com/flox/nixpkgs?rev=331800de5053fcebacf6813adb5db9c9dca22a0c",
      "name": "nodejs-22.22.3",
      "pname": "nodejs_22",
      "rev": "331800de5053fcebacf6813adb5db9c9dca22a0c",
      "rev_count": 1008282,
      "rev_date": "2026-05-31T16:09:29Z",
      "scrape_date": "2026-06-02T09:40:59.221763Z",
      "stabilities": [
        "staging",
        "unstable"
      ],
      "unfree": false,
      "version": "22.22.3",
      "outputs_to_install": [
        "out"
      ],
      "outputs": {
        "out": "/nix/store/d8zana2n6i904c088i533ivg1j817x8v-nodejs-22.22.3"
      },
      "system": "aarch64-linux",
      "group": "toplevel",
      "priority": 5
    },
    {
      "attr_path": "nodejs_22",
      "broken": false,
      "derivation": "/nix/store/swx0aijnc54mq15z3s323alzv6j510wx-nodejs-22.22.3.drv",
      "description": "Event-driven I/O framework for the V8 JavaScript engine",
      "install_id": "nodejs",
      "license": "MIT",
      "locked_url": "https://github.com/flox/nixpkgs?rev=331800de5053fcebacf6813adb5db9c9dca22a0c",
      "name": "nodejs-22.22.3",
      "pname": "nodejs_22",
      "rev": "331800de5053fcebacf6813adb5db9c9dca22a0c",
      "rev_count": 1008282,
      "rev_date": "2026-05-31T16:09:29Z",
      "scrape_date": "2026-06-02T10:25:13.037132Z",
      "stabilities": [
        "staging",
        "unstable"
      ],
      "unfree": false,
      "version": "22.22.3",
      "outputs_to_install": [
        "out"
      ],
      "outputs": {
        "out": "/nix/store/9yvmgryhhwnswgaji30cpw4m9swhv1ia-nodejs-22.22.3"
      },
      "system": "x86_64-darwin",
      "group": "toplevel",
      "priority": 5
    },
    {
      "attr_path": "nodejs_22",
      "broken": false,
      "derivation": "/nix/store/x0vx03v1gd5bzlqias0gixnf8m5y31xp-nodejs-22.22.3.drv",
      "description": "Event-driven I/O framework for the V8 JavaScript engine",
      "install_id": "nodejs",
      "license": "MIT",
      "locked_url": "https://github.com/flox/nixpkgs?rev=331800de5053fcebacf6813adb5db9c9dca22a0c",
      "name": "nodejs-22.22.3",
      "pname": "nodejs_22",
      "rev": "331800de5053fcebacf6813adb5db9c9dca22a0c",
      "rev_count": 1008282,
      "rev_date": "2026-05-31T16:09:29Z",
      "scrape_date": "2026-06-02T11:07:24.674620Z",
      "stabilities": [
        "staging",
        "unstable"
      ],
      "unfree": false,
      "version": "22.22.3",
      "outputs_to_install": [
        "out",
        "out",
        "out"
      ],
      "outputs": {
        "out": "/nix/store/ac9bklddx1klg92hj7r08xmpky1nwag2-nodejs-22.22.3"
      },
      "system": "x86_64-linux",
      "group": "toplevel",
      "priority": 5
    },
    {
      "attr_path": "openssl",
      "broken": false,
      "derivation": "/nix/store/n01lbk31hx767blyn05q7a32hylvdp8w-openssl-3.6.2.drv",
      "description": "Cryptographic library that implements the SSL and TLS protocols",
      "install_id": "openssl",
      "license": "Apache-2.0",
      "locked_url": "https://github.com/flox/nixpkgs?rev=331800de5053fcebacf6813adb5db9c9dca22a0c",
      "name": "openssl-3.6.2",
      "pname": "openssl",
      "rev": "331800de5053fcebacf6813adb5db9c9dca22a0c",
      "rev_count": 1008282,
      "rev_date": "2026-05-31T16:09:29Z",
      "scrape_date": "2026-06-02T08:56:10.177064Z",
      "stabilities": [
        "staging",
        "unstable"
      ],
      "unfree": false,
      "version": "3.6.2",
      "outputs_to_install": [
        "bin",
        "man"
      ],
      "outputs": {
        "bin": "/nix/store/r51ad62j4z7xzqa2svcb6d1b443kphzr-openssl-3.6.2-bin",
        "dev": "/nix/store/8g69q86jfk5rpa34gny4rh057h5yb1nw-openssl-3.6.2-dev",
        "doc": "/nix/store/jygjy36g9lqfxvvchydd1c1zjs7pmcp1-openssl-3.6.2-doc",
        "man": "/nix/store/f8c4k06h4kbcpdy4vbw8dq5xiypbhcfp-openssl-3.6.2-man",
        "out": "/nix/store/a3hhkd5vzw97issax60xx47qfnkl6ddf-openssl-3.6.2"
      },
      "system": "aarch64-darwin",
      "group": "toplevel",
      "priority": 5
    },
    {
      "attr_path": "openssl",
      "broken": false,
      "derivation": "/nix/store/62s3ls8r70gl1x06ldcbdqv151lvprf0-openssl-3.6.2.drv",
      "description": "Cryptographic library that implements the SSL and TLS protocols",
      "install_id": "openssl",
      "license": "Apache-2.0",
      "locked_url": "https://github.com/flox/nixpkgs?rev=331800de5053fcebacf6813adb5db9c9dca22a0c",
      "name": "openssl-3.6.2",
      "pname": "openssl",
      "rev": "331800de5053fcebacf6813adb5db9c9dca22a0c",
      "rev_count": 1008282,
      "rev_date": "2026-05-31T16:09:29Z",
      "scrape_date": "2026-06-02T09:41:06.434396Z",
      "stabilities": [
        "staging",
        "unstable"
      ],
      "unfree": false,
      "version": "3.6.2",
      "outputs_to_install": [
        "bin",
        "bin",
        "man"
      ],
      "outputs": {
        "bin": "/nix/store/qah6sg7gj1kks5qcawgkrpxlc4dlv90q-openssl-3.6.2-bin",
        "debug": "/nix/store/csb2j07fl5qx2k5qxg0bzd2dn6d97799-openssl-3.6.2-debug",
        "dev": "/nix/store/is2mz9ln2mszv2fl59wg5rr7casdqyk5-openssl-3.6.2-dev",
        "doc": "/nix/store/a3ww9j6xvhxbiadfhqspd9pbanax7mda-openssl-3.6.2-doc",
        "man": "/nix/store/6lam03sf9sngz205fmjvlnwapj0dkha3-openssl-3.6.2-man",
        "out": "/nix/store/bl7rmhhsy7vjb9qm3jfwgqpv3cn7wfb1-openssl-3.6.2"
      },
      "system": "aarch64-linux",
      "group": "toplevel",
      "priority": 5
    },
    {
      "attr_path": "openssl",
      "broken": false,
      "derivation": "/nix/store/4qidwgbh2fmc9fnbv0riyplvhfirakbp-openssl-3.6.2.drv",
      "description": "Cryptographic library that implements the SSL and TLS protocols",
      "install_id": "openssl",
      "license": "Apache-2.0",
      "locked_url": "https://github.com/flox/nixpkgs?rev=331800de5053fcebacf6813adb5db9c9dca22a0c",
      "name": "openssl-3.6.2",
      "pname": "openssl",
      "rev": "331800de5053fcebacf6813adb5db9c9dca22a0c",
      "rev_count": 1008282,
      "rev_date": "2026-05-31T16:09:29Z",
      "scrape_date": "2026-06-02T10:25:18.238204Z",
      "stabilities": [
        "staging",
        "unstable"
      ],
      "unfree": false,
      "version": "3.6.2",
      "outputs_to_install": [
        "bin",
        "man"
      ],
      "outputs": {
        "bin": "/nix/store/yvchmpk2820sv464gn31gh606yj3iwaj-openssl-3.6.2-bin",
        "dev": "/nix/store/344ipmn38akr4xfnfccbpvh5d54sjjnn-openssl-3.6.2-dev",
        "doc": "/nix/store/sa017appbz8cy3lyvjc99m0y285axdas-openssl-3.6.2-doc",
        "man": "/nix/store/z7c44v0zyydx17r50k0jlp3cw7z9pdvw-openssl-3.6.2-man",
        "out": "/nix/store/ly6s18plvybyggy2m862bkdg3ghghx2j-openssl-3.6.2"
      },
      "system": "x86_64-darwin",
      "group": "toplevel",
      "priority": 5
    },
    {
      "attr_path": "openssl",
      "broken": false,
      "derivation": "/nix/store/j6051591glvhbf9dqpyiwr1d3cxckf82-openssl-3.6.2.drv",
      "description": "Cryptographic library that implements the SSL and TLS protocols",
      "install_id": "openssl",
      "license": "Apache-2.0",
      "locked_url": "https://github.com/flox/nixpkgs?rev=331800de5053fcebacf6813adb5db9c9dca22a0c",
      "name": "openssl-3.6.2",
      "pname": "openssl",
      "rev": "331800de5053fcebacf6813adb5db9c9dca22a0c",
      "rev_count": 1008282,
      "rev_date": "2026-05-31T16:09:29Z",
      "scrape_date": "2026-06-02T11:07:32.009139Z",
      "stabilities": [
        "staging",
        "unstable"
      ],
      "unfree": false,
      "version": "3.6.2",
      "outputs_to_install": [
        "bin",
        "bin",
        "bin",
        "bin",
        "man"
      ],
      "outputs": {
        "bin": "/nix/store/zyrxhd7nwmkcs11m144jagxcmddw2i41-openssl-3.6.2-bin",
        "debug": "/nix/store/bw61f4m3imcwdwpc8011rj9db6pmkfdl-openssl-3.6.2-debug",
        "dev": "/nix/store/wxws7pwyzk8mbmjc1rwwwx9v184hh67v-openssl-3.6.2-dev",
        "doc": "/nix/store/davd7p64vvlg309ydxws2xc7z0ck9vvv-openssl-3.6.2-doc",
        "man": "/nix/store/lnqjx5rpvid4ancfjxln38bwswmpvg8y-openssl-3.6.2-man",
        "out": "/nix/store/y18pnbvfarnilsmgayswvi1khaw9wbsc-openssl-3.6.2"
      },
      "system": "x86_64-linux",
      "group": "toplevel",
      "priority": 5
    },
    {
      "attr_path": "pnpm",
      "broken": false,
      "derivation": "/nix/store/g69l6ydp9axm5mv0z17j7i6q418pmwff-pnpm-11.4.0.drv",
      "description": "Fast, disk space efficient package manager for JavaScript",
      "install_id": "pnpm",
      "license": "MIT",
      "locked_url": "https://github.com/flox/nixpkgs?rev=331800de5053fcebacf6813adb5db9c9dca22a0c",
      "name": "pnpm-11.4.0",
      "pname": "pnpm",
      "rev": "331800de5053fcebacf6813adb5db9c9dca22a0c",
      "rev_count": 1008282,
      "rev_date": "2026-05-31T16:09:29Z",
      "scrape_date": "2026-06-02T08:56:18.989861Z",
      "stabilities": [
        "staging",
        "unstable"
      ],
      "unfree": false,
      "version": "11.4.0",
      "outputs_to_install": [
        "out"
      ],
      "outputs": {
        "out": "/nix/store/kfkdjppq317sm0hcqab5cqbzmqm6j67x-pnpm-11.4.0"
      },
      "system": "aarch64-darwin",
      "group": "toplevel",
      "priority": 5
    },
    {
      "attr_path": "pnpm",
      "broken": false,
      "derivation": "/nix/store/vj1nf1pjx7bwnz00vgvnf1mxn1wgliir-pnpm-11.4.0.drv",
      "description": "Fast, disk space efficient package manager for JavaScript",
      "install_id": "pnpm",
      "license": "MIT",
      "locked_url": "https://github.com/flox/nixpkgs?rev=331800de5053fcebacf6813adb5db9c9dca22a0c",
      "name": "pnpm-11.4.0",
      "pname": "pnpm",
      "rev": "331800de5053fcebacf6813adb5db9c9dca22a0c",
      "rev_count": 1008282,
      "rev_date": "2026-05-31T16:09:29Z",
      "scrape_date": "2026-06-02T09:41:18.314750Z",
      "stabilities": [
        "staging",
        "unstable"
      ],
      "unfree": false,
      "version": "11.4.0",
      "outputs_to_install": [
        "out"
      ],
      "outputs": {
        "out": "/nix/store/fpjaanbd277f7sjn2xwi0p9q26p7ppdn-pnpm-11.4.0"
      },
      "system": "aarch64-linux",
      "group": "toplevel",
      "priority": 5
    },
    {
      "attr_path": "pnpm",
      "broken": false,
      "derivation": "/nix/store/7khb4gb7hcjk80bx8pqlsmm5mhh0m8k5-pnpm-11.4.0.drv",
      "description": "Fast, disk space efficient package manager for JavaScript",
      "install_id": "pnpm",
      "license": "MIT",
      "locked_url": "https://github.com/flox/nixpkgs?rev=331800de5053fcebacf6813adb5db9c9dca22a0c",
      "name": "pnpm-11.4.0",
      "pname": "pnpm",
      "rev": "331800de5053fcebacf6813adb5db9c9dca22a0c",
      "rev_count": 1008282,
      "rev_date": "2026-05-31T16:09:29Z",
      "scrape_date": "2026-06-02T10:25:27.082463Z",
      "stabilities": [
        "staging",
        "unstable"
      ],
      "unfree": false,
      "version": "11.4.0",
      "outputs_to_install": [
        "out"
      ],
      "outputs": {
        "out": "/nix/store/2lb7k2d0a9lqh8jxiggl0cpdb29bwcx2-pnpm-11.4.0"
      },
      "system": "x86_64-darwin",
      "group": "toplevel",
      "priority": 5
    },
    {
      "attr_path": "pnpm",
      "broken": false,
      "derivation": "/nix/store/jfacl7vnwf2dlabnkjpi6qx8x65h3dmy-pnpm-11.4.0.drv",
      "description": "Fast, disk space efficient package manager for JavaScript",
      "install_id": "pnpm",
      "license": "MIT",
      "locked_url": "https://github.com/flox/nixpkgs?rev=331800de5053fcebacf6813adb5db9c9dca22a0c",
      "name": "pnpm-11.4.0",
      "pname": "pnpm",
      "rev": "331800de5053fcebacf6813adb5db9c9dca22a0c",
      "rev_count": 1008282,
      "rev_date": "2026-05-31T16:09:29Z",
      "scrape_date": "2026-06-02T11:07:44.537804Z",
      "stabilities": [
        "staging",
        "unstable"
      ],
      "unfree": false,
      "version": "11.4.0",
      "outputs_to_install": [
        "out"
      ],
      "outputs": {
        "out": "/nix/store/9rbr7hs1haz08fyapmcdmkvwi8ccmdim-pnpm-11.4.0"
      },
      "system": "x86_64-linux",
      "group": "toplevel",
      "priority": 5
    },
    {
      "attr_path": "postgresql",
      "broken": false,
      "derivation": "/nix/store/kp8iay7c452pay6v8h57z3f3w1mc7145-postgresql-17.10.drv",
      "description": "Powerful, open source object-relational database system",
      "install_id": "postgresql",
      "license": "PostgreSQL",
      "locked_url": "https://github.com/flox/nixpkgs?rev=331800de5053fcebacf6813adb5db9c9dca22a0c",
      "name": "postgresql-17.10",
      "pname": "postgresql",
      "rev": "331800de5053fcebacf6813adb5db9c9dca22a0c",
      "rev_count": 1008282,
      "rev_date": "2026-05-31T16:09:29Z",
      "scrape_date": "2026-06-02T08:56:19.172405Z",
      "stabilities": [
        "staging",
        "unstable"
      ],
      "unfree": false,
      "version": "17.10",
      "outputs_to_install": [
        "man",
        "out"
      ],
      "outputs": {
        "dev": "/nix/store/y2yfqp710f5ggzj972wvdw27c4465g9b-postgresql-17.10-dev",
        "doc": "/nix/store/rbd7809q978mm98d2ah6q06hh1fak4g3-postgresql-17.10-doc",
        "jit": "/nix/store/jvvc8129hqsxvwxdvhgz8jhsajbyci9s-postgresql-17.10-jit",
        "lib": "/nix/store/chrd4xzfvh20skzq21p5q96cm1hwsr91-postgresql-17.10-lib",
        "man": "/nix/store/fbqgpjlxp8kjlln7f2rqlidz86dq1dxj-postgresql-17.10-man",
        "out": "/nix/store/k5mjkij9d9fcikm1pshcads63fsyf08r-postgresql-17.10",
        "plperl": "/nix/store/jfdxbynhcf8a69s2b9k2sm0yicdy9chb-postgresql-17.10-plperl",
        "plpython3": "/nix/store/x8kr0c530y07ml1f2k2q1h70j2bi5ndm-postgresql-17.10-plpython3",
        "pltcl": "/nix/store/xnqihgavm8j2p3bxrhx21v0cr4w4bvyq-postgresql-17.10-pltcl"
      },
      "system": "aarch64-darwin",
      "group": "toplevel",
      "priority": 5
    },
    {
      "attr_path": "postgresql",
      "broken": false,
      "derivation": "/nix/store/8iz58x0k51gspybibpmb1a8q0kcbrwvw-postgresql-17.10.drv",
      "description": "Powerful, open source object-relational database system",
      "install_id": "postgresql",
      "license": "PostgreSQL",
      "locked_url": "https://github.com/flox/nixpkgs?rev=331800de5053fcebacf6813adb5db9c9dca22a0c",
      "name": "postgresql-17.10",
      "pname": "postgresql",
      "rev": "331800de5053fcebacf6813adb5db9c9dca22a0c",
      "rev_count": 1008282,
      "rev_date": "2026-05-31T16:09:29Z",
      "scrape_date": "2026-06-02T09:41:18.611789Z",
      "stabilities": [
        "staging",
        "unstable"
      ],
      "unfree": false,
      "version": "17.10",
      "outputs_to_install": [
        "man",
        "out"
      ],
      "outputs": {
        "debug": "/nix/store/dbbqlaba1d5db0l4a5xlgzvkk16bb1ql-postgresql-17.10-debug",
        "dev": "/nix/store/ckkjpnmpd0lgs28bhq76ffbknkbw0r2l-postgresql-17.10-dev",
        "doc": "/nix/store/srbnmzjyc6fq3bp33lxv7185d85g44bg-postgresql-17.10-doc",
        "jit": "/nix/store/08a4srs7r0mskz9qnzd00h5h00008v4q-postgresql-17.10-jit",
        "lib": "/nix/store/bs4ds2zwwfjnp2bz2nqpbm3jc1xw2f76-postgresql-17.10-lib",
        "man": "/nix/store/954b3d8ksbv0s2jh3p4a0i9jfcj4f1j3-postgresql-17.10-man",
        "out": "/nix/store/cyh24i9352vrbk53nx4lvq1m98ff8aii-postgresql-17.10",
        "plperl": "/nix/store/qrwc6i1vnfhl95dy5hq9172429yf0i4w-postgresql-17.10-plperl",
        "plpython3": "/nix/store/xzhgi5yphr8awiw5ji2nmqdzqxdjshqx-postgresql-17.10-plpython3",
        "pltcl": "/nix/store/3xqvyngzy2hxckg1q4d6sbn7grj8kmnm-postgresql-17.10-pltcl"
      },
      "system": "aarch64-linux",
      "group": "toplevel",
      "priority": 5
    },
    {
      "attr_path": "postgresql",
      "broken": false,
      "derivation": "/nix/store/f48lnpbd2qa77s0gj3hnd9ix1alm5qx0-postgresql-17.10.drv",
      "description": "Powerful, open source object-relational database system",
      "install_id": "postgresql",
      "license": "PostgreSQL",
      "locked_url": "https://github.com/flox/nixpkgs?rev=331800de5053fcebacf6813adb5db9c9dca22a0c",
      "name": "postgresql-17.10",
      "pname": "postgresql",
      "rev": "331800de5053fcebacf6813adb5db9c9dca22a0c",
      "rev_count": 1008282,
      "rev_date": "2026-05-31T16:09:29Z",
      "scrape_date": "2026-06-02T10:25:27.252670Z",
      "stabilities": [
        "staging",
        "unstable"
      ],
      "unfree": false,
      "version": "17.10",
      "outputs_to_install": [
        "man",
        "out"
      ],
      "outputs": {
        "dev": "/nix/store/3f6llql2ck6q7gnnyz0ysrrwkv2gghky-postgresql-17.10-dev",
        "doc": "/nix/store/1235f75980ib2z42isq8w00css1n4f66-postgresql-17.10-doc",
        "jit": "/nix/store/sax9v31mpzjxngi20jwfhy32hn1d1anm-postgresql-17.10-jit",
        "lib": "/nix/store/s3fshal7dhhmbcsm336fghkq6bzd70lq-postgresql-17.10-lib",
        "man": "/nix/store/rg1kk7km61j8z1j6wbz3cv76zdccijp0-postgresql-17.10-man",
        "out": "/nix/store/2d6cqkal090xcmk7vpkvh24sl3infbby-postgresql-17.10",
        "plperl": "/nix/store/rbdah6bn3zm84inf5b5aqyshvri7d7lz-postgresql-17.10-plperl",
        "plpython3": "/nix/store/7bli73px1dfsfy1fwsxs30yxq17kvaxs-postgresql-17.10-plpython3",
        "pltcl": "/nix/store/s0flr58ascaiv0mlvwfgq2gmpzgy277a-postgresql-17.10-pltcl"
      },
      "system": "x86_64-darwin",
      "group": "toplevel",
      "priority": 5
    },
    {
      "attr_path": "postgresql",
      "broken": false,
      "derivation": "/nix/store/0jfsxlv4jmzayvm4r81zg7yc7jv0s7n3-postgresql-17.10.drv",
      "description": "Powerful, open source object-relational database system",
      "install_id": "postgresql",
      "license": "PostgreSQL",
      "locked_url": "https://github.com/flox/nixpkgs?rev=331800de5053fcebacf6813adb5db9c9dca22a0c",
      "name": "postgresql-17.10",
      "pname": "postgresql",
      "rev": "331800de5053fcebacf6813adb5db9c9dca22a0c",
      "rev_count": 1008282,
      "rev_date": "2026-05-31T16:09:29Z",
      "scrape_date": "2026-06-02T11:07:44.853697Z",
      "stabilities": [
        "staging",
        "unstable"
      ],
      "unfree": false,
      "version": "17.10",
      "outputs_to_install": [
        "man",
        "out",
        "out",
        "out"
      ],
      "outputs": {
        "debug": "/nix/store/lfgkjigmsr1pyyyf42d5ilnc003bjxn7-postgresql-17.10-debug",
        "dev": "/nix/store/2y8a47fzhkibnfy5lzrv16ylj5rn2pj7-postgresql-17.10-dev",
        "doc": "/nix/store/c8wad1x0pmvysnfkz5d9rcpb872qc2j7-postgresql-17.10-doc",
        "jit": "/nix/store/phskfynzln3q5qhc1m0i2g7n585129yn-postgresql-17.10-jit",
        "lib": "/nix/store/h0mwgi47x8cmwyfqgbi3spsyr8hwidn0-postgresql-17.10-lib",
        "man": "/nix/store/csjq4w1qavdihdq7hywbr0cdf2rzpfz9-postgresql-17.10-man",
        "out": "/nix/store/8zm2sma9jgvq101yy4x45za4y28yd164-postgresql-17.10",
        "plperl": "/nix/store/h98zq6zgf63dwix04cp93c0m3wk29acy-postgresql-17.10-plperl",
        "plpython3": "/nix/store/wy8i0s38mq87j1cbq69i950rb26z7pz1-postgresql-17.10-plpython3",
        "pltcl": "/nix/store/dd2j50hn9p1capz9kqcbj1773v4agpfj-postgresql-17.10-pltcl"
      },
      "system": "x86_64-linux",
      "group": "toplevel",
      "priority": 5
    }
  ]
}
